
Microsoft Visual Studio Solution File, Format Version 12.00
# Visual Studio Version 17
VisualStudioVersion = 17.0.31903.59
MinimumVisualStudioVersion = 10.0.40219.1
Project("{FAE04EC0-301F-11D3-BF4B-00C04F79EFBC}") = "CephasPAD.TrueNAS", "src\CephasPAD.TrueNAS\CephasPAD.TrueNAS.csproj", "{65636DB1-D59F-4791-959B-ACA99805BBD0}"
EndProject
Project("{FAE04EC0-301F-11D3-BF4B-00C04F79EFBC}") = "CephasPAD.TrueNAS.Tests", "tests\CephasPAD.TrueNAS.Tests\CephasPAD.TrueNAS.Tests.csproj", "{6622F985-942B-4431-A18D-5D44113AE886}"
EndProject
Global
	GlobalSection(SolutionConfigurationPlatforms) = preSolution
		Debug|Any CPU = Debug|Any CPU
		Release|Any CPU = Release|Any CPU
	EndGlobalSection
	GlobalSection(ProjectConfigurationPlatforms) = postSolution
		{65636DB1-D59F-4791-959B-ACA99805BBD0}.Debug|Any CPU.ActiveCfg = Debug|Any CPU
		{65636DB1-D59F-4791-959B-ACA99805BBD0}.Debug|Any CPU.Build.0 = Debug|Any CPU
		{65636DB1-D59F-4791-959B-ACA99805BBD0}.Release|Any CPU.ActiveCfg = Release|Any CPU
		{65636DB1-D59F-4791-959B-ACA99805BBD0}.Release|Any CPU.Build.0 = Release|Any CPU
		{6622F985-942B-4431-A18D-5D44113AE886}.Debug|Any CPU.ActiveCfg = Debug|Any CPU
		{6622F985-942B-4431-A18D-5D44113AE886}.Debug|Any CPU.Build.0 = Debug|Any CPU
		{6622F985-942B-4431-A18D-5D44113AE886}.Release|Any CPU.ActiveCfg = Release|Any CPU
		{6622F985-942B-4431-A18D-5D44113AE886}.Release|Any CPU.Build.0 = Release|Any CPU
	EndGlobalSection
	GlobalSection(SolutionProperties) = preSolution
		HideSolutionNode = FALSE
	EndGlobalSection
	GlobalSection(ExtensibilityGlobals) = postSolution
		SolutionGuid = {65A34A4C-525A-47D8-9641-1CCC92E71316}
	EndGlobalSection
EndGlobal
